
Microsoft Visual Studio Solution File, Format Version 12.00
# Visual Studio 15
VisualStudioVersion = 15.0.28307.1738
MinimumVisualStudioVersion = 10.0.40219.1
Project("{FAE04EC0-301F-11D3-BF4B-00C04F79EFBC}") = "Hotel.DAL", "Hotel.DAL\Hotel.DAL.csproj", "{AF5961B7-11F8-490C-9A72-CE70BE8FDC50}"
EndProject
Project("{FAE04EC0-301F-11D3-BF4B-00C04F79EFBC}") = "ConsoleApp1", "ConsoleApp1\ConsoleApp1.csproj", "{B99F5687-DF98-46FE-A5C8-02DD43F894F5}"
EndProject
Project("{FAE04EC0-301F-11D3-BF4B-00C04F79EFBC}") = "Hotel.BLL", "Hotel.BLL\Hotel.BLL.csproj", "{EE7FFDAF-F09C-4106-A1DA-D60B0AFA0730}"
EndProject
Global
	GlobalSection(SolutionConfigurationPlatforms) = preSolution
		Debug|Any CPU = Debug|Any CPU
		Release|Any CPU = Release|Any CPU
	EndGlobalSection
	GlobalSection(ProjectConfigurationPlatforms) = postSolution
		{AF5961B7-11F8-490C-9A72-CE70BE8FDC50}.Debug|Any CPU.ActiveCfg = Debug|Any CPU
		{AF5961B7-11F8-490C-9A72-CE70BE8FDC50}.Debug|Any CPU.Build.0 = Debug|Any CPU
		{AF5961B7-11F8-490C-9A72-CE70BE8FDC50}.Release|Any CPU.ActiveCfg = Release|Any CPU
		{AF5961B7-11F8-490C-9A72-CE70BE8FDC50}.Release|Any CPU.Build.0 = Release|Any CPU
		{B99F5687-DF98-46FE-A5C8-02DD43F894F5}.Debug|Any CPU.ActiveCfg = Debug|Any CPU
		{B99F5687-DF98-46FE-A5C8-02DD43F894F5}.Debug|Any CPU.Build.0 = Debug|Any CPU
		{B99F5687-DF98-46FE-A5C8-02DD43F894F5}.Release|Any CPU.ActiveCfg = Release|Any CPU
		{B99F5687-DF98-46FE-A5C8-02DD43F894F5}.Release|Any CPU.Build.0 = Release|Any CPU
		{EE7FFDAF-F09C-4106-A1DA-D60B0AFA0730}.Debug|Any CPU.ActiveCfg = Debug|Any CPU
		{EE7FFDAF-F09C-4106-A1DA-D60B0AFA0730}.Debug|Any CPU.Build.0 = Debug|Any CPU
		{EE7FFDAF-F09C-4106-A1DA-D60B0AFA0730}.Release|Any CPU.ActiveCfg = Release|Any CPU
		{EE7FFDAF-F09C-4106-A1DA-D60B0AFA0730}.Release|Any CPU.Build.0 = Release|Any CPU
	EndGlobalSection
	GlobalSection(SolutionProperties) = preSolution
		HideSolutionNode = FALSE
	EndGlobalSection
	GlobalSection(ExtensibilityGlobals) = postSolution
		SolutionGuid = {EAC97773-C79D-4D07-9B92-A44C5861A730}
	EndGlobalSection
EndGlobal
